
Microsoft Visual Studio Solution File, Format Version 12.00
# Visual Studio Version 17
VisualStudioVersion = 17.2.32516.85
MinimumVisualStudioVersion = 10.0.40219.1
Project("{FAE04EC0-301F-11D3-BF4B-00C04F79EFBC}") = "EF-Demo-One-To-One-AND-Many-to-One", "EF-Demo-One-To-One-AND-Many-to-One.csproj", "{047345D0-E6F5-4D56-81A2-1076948A03A3}"
EndProject
Global
	GlobalSection(SolutionConfigurationPlatforms) = preSolution
		Debug|Any CPU = Debug|Any CPU
		Release|Any CPU = Release|Any CPU
	EndGlobalSection
	GlobalSection(ProjectConfigurationPlatforms) = postSolution
		{047345D0-E6F5-4D56-81A2-1076948A03A3}.Debug|Any CPU.ActiveCfg = Debug|Any CPU
		{047345D0-E6F5-4D56-81A2-1076948A03A3}.Debug|Any CPU.Build.0 = Debug|Any CPU
		{047345D0-E6F5-4D56-81A2-1076948A03A3}.Release|Any CPU.ActiveCfg = Release|Any CPU
		{047345D0-E6F5-4D56-81A2-1076948A03A3}.Release|Any CPU.Build.0 = Release|Any CPU
	EndGlobalSection
	GlobalSection(SolutionProperties) = preSolution
		HideSolutionNode = FALSE
	EndGlobalSection
	GlobalSection(ExtensibilityGlobals) = postSolution
		SolutionGuid = {B38BECAC-3768-42EA-AC7C-27B4E2881CFF}
	EndGlobalSection
EndGlobal
